
Microsoft Visual Studio Solution File, Format Version 12.00
# Visual Studio 15
VisualStudioVersion = 15.0.26730.10
MinimumVisualStudioVersion = 10.0.40219.1
Project("{FAE04EC0-301F-11D3-BF4B-00C04F79EFBC}") = "Synapse.Handlers.ActiveDirectoryUtil", "Synapse.Handlers.ActiveDirectoryUtil\Synapse.Handlers.ActiveDirectoryUtil.csproj", "{B1468ED1-CDB3-473B-B8E9-50808CF1E948}"
EndProject
Project("{FAE04EC0-301F-11D3-BF4B-00C04F79EFBC}") = "Synapse.ActiveDirectory.Core", "..\handlers.Ldap.net\Synapse.ActiveDirectory.Core\Synapse.ActiveDirectory.Core.csproj", "{E27A474D-C3CC-4DD6-A9B4-5D815EA14AA0}"
EndProject
Global
	GlobalSection(SolutionConfigurationPlatforms) = preSolution
		Debug|Any CPU = Debug|Any CPU
		Release|Any CPU = Release|Any CPU
	EndGlobalSection
	GlobalSection(ProjectConfigurationPlatforms) = postSolution
		{B1468ED1-CDB3-473B-B8E9-50808CF1E948}.Debug|Any CPU.ActiveCfg = Debug|Any CPU
		{B1468ED1-CDB3-473B-B8E9-50808CF1E948}.Debug|Any CPU.Build.0 = Debug|Any CPU
		{B1468ED1-CDB3-473B-B8E9-50808CF1E948}.Release|Any CPU.ActiveCfg = Release|Any CPU
		{B1468ED1-CDB3-473B-B8E9-50808CF1E948}.Release|Any CPU.Build.0 = Release|Any CPU
		{E27A474D-C3CC-4DD6-A9B4-5D815EA14AA0}.Debug|Any CPU.ActiveCfg = Debug|Any CPU
		{E27A474D-C3CC-4DD6-A9B4-5D815EA14AA0}.Debug|Any CPU.Build.0 = Debug|Any CPU
		{E27A474D-C3CC-4DD6-A9B4-5D815EA14AA0}.Release|Any CPU.ActiveCfg = Release|Any CPU
		{E27A474D-C3CC-4DD6-A9B4-5D815EA14AA0}.Release|Any CPU.Build.0 = Release|Any CPU
	EndGlobalSection
	GlobalSection(SolutionProperties) = preSolution
		HideSolutionNode = FALSE
	EndGlobalSection
	GlobalSection(ExtensibilityGlobals) = postSolution
		SolutionGuid = {60227C4C-5348-4EF9-B075-CAD23F20C384}
	EndGlobalSection
EndGlobal
